
Microsoft Visual Studio Solution File, Format Version 12.00
# Visual Studio Version 17
VisualStudioVersion = 17.2.32630.192
MinimumVisualStudioVersion = 10.0.40219.1
Project("{FAE04EC0-301F-11D3-BF4B-00C04F79EFBC}") = "Hangman", "Hangman\Hangman.csproj", "{BC52B058-D270-4BC1-8767-F96E8C2E3FCB}"
EndProject
Global
	GlobalSection(SolutionConfigurationPlatforms) = preSolution
		Debug|Any CPU = Debug|Any CPU
		Release|Any CPU = Release|Any CPU
	EndGlobalSection
	GlobalSection(ProjectConfigurationPlatforms) = postSolution
		{BC52B058-D270-4BC1-8767-F96E8C2E3FCB}.Debug|Any CPU.ActiveCfg = Debug|Any CPU
		{BC52B058-D270-4BC1-8767-F96E8C2E3FCB}.Debug|Any CPU.Build.0 = Debug|Any CPU
		{BC52B058-D270-4BC1-8767-F96E8C2E3FCB}.Release|Any CPU.ActiveCfg = Release|Any CPU
		{BC52B058-D270-4BC1-8767-F96E8C2E3FCB}.Release|Any CPU.Build.0 = Release|Any CPU
	EndGlobalSection
	GlobalSection(SolutionProperties) = preSolution
		HideSolutionNode = FALSE
	EndGlobalSection
	GlobalSection(ExtensibilityGlobals) = postSolution
		SolutionGuid = {1A5A0C62-3041-46CC-90FC-7C41DB414300}
	EndGlobalSection
EndGlobal
